
Microsoft Visual Studio Solution File, Format Version 12.00
# Visual Studio Version 17
VisualStudioVersion = 17.11.35222.181
MinimumVisualStudioVersion = 10.0.40219.1
Project("{F2A71F9B-5D33-465A-A702-920D77279786}") = "AdventOfCode2024", "src\AdventOfCode2024\AdventOfCode2024.fsproj", "{A28091C7-B637-4C73-B527-50E072FB5723}"
EndProject
Global
	GlobalSection(SolutionConfigurationPlatforms) = preSolution
		Debug|Any CPU = Debug|Any CPU
		Release|Any CPU = Release|Any CPU
	EndGlobalSection
	GlobalSection(ProjectConfigurationPlatforms) = postSolution
		{A28091C7-B637-4C73-B527-50E072FB5723}.Debug|Any CPU.ActiveCfg = Debug|Any CPU
		{A28091C7-B637-4C73-B527-50E072FB5723}.Debug|Any CPU.Build.0 = Debug|Any CPU
		{A28091C7-B637-4C73-B527-50E072FB5723}.Release|Any CPU.ActiveCfg = Release|Any CPU
		{A28091C7-B637-4C73-B527-50E072FB5723}.Release|Any CPU.Build.0 = Release|Any CPU
	EndGlobalSection
	GlobalSection(SolutionProperties) = preSolution
		HideSolutionNode = FALSE
	EndGlobalSection
	GlobalSection(ExtensibilityGlobals) = postSolution
		SolutionGuid = {CC9F13EC-B1C6-4590-A3C0-AB735C0373B2}
	EndGlobalSection
EndGlobal
